Microsoft Visual Studio Solution File, Format Version 12.00
# Visual Studio Version 17
VisualStudioVersion = 17.5.0.0
MinimumVisualStudioVersion = 10.0.0.1
Project("{FAE04EC0-301F-11D3-BF4B-00C04F79EFBC}") = "Calculadora", "Calculadora\Calculadora.csproj", "{C0F88F80-F030-4F29-B1A3-C6488A015E9F}"
EndProject
Project("{FAE04EC0-301F-11D3-BF4B-00C04F79EFBC}") = "Calculadora.Testes", "Calculadora.Testes\Calculadora.Testes.csproj", "{7C9B0B7F-4B14-41C2-823F-B82C10F3F3E3}"
EndProject
Global
	GlobalSection(SolutionConfigurationPlatforms) = preSolution
		Debug|Any CPU = Debug|Any CPU
		Release|Any CPU = Release|Any CPU
	EndGlobalSection
	GlobalSection(ProjectConfigurationPlatforms) = postSolution
		{C0F88F80-F030-4F29-B1A3-C6488A015E9F}.Debug|Any CPU.ActiveCfg = Debug|Any CPU
		{C0F88F80-F030-4F29-B1A3-C6488A015E9F}.Debug|Any CPU.Build.0 = Debug|Any CPU
		{C0F88F80-F030-4F29-B1A3-C6488A015E9F}.Release|Any CPU.ActiveCfg = Release|Any CPU
		{C0F88F80-F030-4F29-B1A3-C6488A015E9F}.Release|Any CPU.Build.0 = Release|Any CPU
		{7C9B0B7F-4B14-41C2-823F-B82C10F3F3E3}.Debug|Any CPU.ActiveCfg = Debug|Any CPU
		{7C9B0B7F-4B14-41C2-823F-B82C10F3F3E3}.Debug|Any CPU.Build.0 = Debug|Any CPU
		{7C9B0B7F-4B14-41C2-823F-B82C10F3F3E3}.Release|Any CPU.ActiveCfg = Release|Any CPU
		{7C9B0B7F-4B14-41C2-823F-B82C10F3F3E3}.Release|Any CPU.Build.0 = Release|Any CPU
	EndGlobalSection
	GlobalSection(SolutionProperties) = preSolution
		HideSolutionNode = FALSE
	EndGlobalSection
	GlobalSection(ExtensibilityGlobals) = postSolution
		SolutionGuid = {YOUR-UNIQUE-GUID}
	EndGlobalSection
EndGlobal
